<Solution>
  <Project Path="AsyncVoid/AsyncVoid.csproj" />
  <Project Path="WhenAll/WhenAll.csproj" />
  <Project Path="Starvation/Starvation.csproj" />
  <Project Path="HttpClientPerRequest/HttpClientPerRequest.csproj" />
  <Project Path="PeekLock/PeekLock.csproj" />
  <Project Path="SeekVsScan/SeekVsScan.csproj" />
  <Project Path="CheckThenAct/CheckThenAct.csproj" />
  <Project Path="Tests/StudyTrack.Tests.csproj" />
</Solution>
